
Microsoft Visual Studio Solution File, Format Version 12.00
# Visual Studio Version 16
VisualStudioVersion = 16.0.30128.74
MinimumVisualStudioVersion = 10.0.40219.1
Project("{FAE04EC0-301F-11D3-BF4B-00C04F79EFBC}") = "App354.Android", "App354\App354.Android\App354.Android.csproj", "{7FE35552-33FB-40F2-863C-88D5483EAD2A}"
EndProject
Project("{FAE04EC0-301F-11D3-BF4B-00C04F79EFBC}") = "App354.iOS", "App354\App354.iOS\App354.iOS.csproj", "{A2E9705A-3268-4D97-92C9-7BE4D3FDF8F5}"
EndProject
Project("{FAE04EC0-301F-11D3-BF4B-00C04F79EFBC}") = "App354", "App354\App354\App354.csproj", "{5F3AD16F-DD03-46A8-8EDE-4BC350F7CA27}"
EndProject
Global
	GlobalSection(SolutionConfigurationPlatforms) = preSolution
		Debug|Any CPU = Debug|Any CPU
		Debug|iPhone = Debug|iPhone
		Debug|iPhoneSimulator = Debug|iPhoneSimulator
		Release|Any CPU = Release|Any CPU
		Release|iPhone = Release|iPhone
		Release|iPhoneSimulator = Release|iPhoneSimulator
	EndGlobalSection
	GlobalSection(ProjectConfigurationPlatforms) = postSolution
		{7FE35552-33FB-40F2-863C-88D5483EAD2A}.Debug|Any CPU.ActiveCfg = Debug|Any CPU
		{7FE35552-33FB-40F2-863C-88D5483EAD2A}.Debug|Any CPU.Build.0 = Debug|Any CPU
		{7FE35552-33FB-40F2-863C-88D5483EAD2A}.Debug|Any CPU.Deploy.0 = Debug|Any CPU
		{7FE35552-33FB-40F2-863C-88D5483EAD2A}.Debug|iPhone.ActiveCfg = Debug|Any CPU
		{7FE35552-33FB-40F2-863C-88D5483EAD2A}.Debug|iPhone.Build.0 = Debug|Any CPU
		{7FE35552-33FB-40F2-863C-88D5483EAD2A}.Debug|iPhone.Deploy.0 = Debug|Any CPU
		{7FE35552-33FB-40F2-863C-88D5483EAD2A}.Debug|iPhoneSimulator.ActiveCfg = Debug|Any CPU
		{7FE35552-33FB-40F2-863C-88D5483EAD2A}.Debug|iPhoneSimulator.Build.0 = Debug|Any CPU
		{7FE35552-33FB-40F2-863C-88D5483EAD2A}.Debug|iPhoneSimulator.Deploy.0 = Debug|Any CPU
		{7FE35552-33FB-40F2-863C-88D5483EAD2A}.Release|Any CPU.ActiveCfg = Release|Any CPU
		{7FE35552-33FB-40F2-863C-88D5483EAD2A}.Release|Any CPU.Build.0 = Release|Any CPU
		{7FE35552-33FB-40F2-863C-88D5483EAD2A}.Release|Any CPU.Deploy.0 = Release|Any CPU
		{7FE35552-33FB-40F2-863C-88D5483EAD2A}.Release|iPhone.ActiveCfg = Release|Any CPU
		{7FE35552-33FB-40F2-863C-88D5483EAD2A}.Release|iPhone.Build.0 = Release|Any CPU
		{7FE35552-33FB-40F2-863C-88D5483EAD2A}.Release|iPhone.Deploy.0 = Release|Any CPU
		{7FE35552-33FB-40F2-863C-88D5483EAD2A}.Release|iPhoneSimulator.ActiveCfg = Release|Any CPU
		{7FE35552-33FB-40F2-863C-88D5483EAD2A}.Release|iPhoneSimulator.Build.0 = Release|Any CPU
		{7FE35552-33FB-40F2-863C-88D5483EAD2A}.Release|iPhoneSimulator.Deploy.0 = Release|Any CPU
		{A2E9705A-3268-4D97-92C9-7BE4D3FDF8F5}.Debug|Any CPU.ActiveCfg = Debug|iPhone
		{A2E9705A-3268-4D97-92C9-7BE4D3FDF8F5}.Debug|Any CPU.Build.0 = Debug|iPhone
		{A2E9705A-3268-4D97-92C9-7BE4D3FDF8F5}.Debug|Any CPU.Deploy.0 = Debug|iPhone
		{A2E9705A-3268-4D97-92C9-7BE4D3FDF8F5}.Debug|iPhone.ActiveCfg = Debug|iPhone
		{A2E9705A-3268-4D97-92C9-7BE4D3FDF8F5}.Debug|iPhone.Build.0 = Debug|iPhone
		{A2E9705A-3268-4D97-92C9-7BE4D3FDF8F5}.Debug|iPhone.Deploy.0 = Debug|iPhone
		{A2E9705A-3268-4D97-92C9-7BE4D3FDF8F5}.Debug|iPhoneSimulator.ActiveCfg = Debug|iPhoneSimulator
		{A2E9705A-3268-4D97-92C9-7BE4D3FDF8F5}.Debug|iPhoneSimulator.Build.0 = Debug|iPhoneSimulator
		{A2E9705A-3268-4D97-92C9-7BE4D3FDF8F5}.Debug|iPhoneSimulator.Deploy.0 = Debug|iPhoneSimulator
		{A2E9705A-3268-4D97-92C9-7BE4D3FDF8F5}.Release|Any CPU.ActiveCfg = Release|iPhone
		{A2E9705A-3268-4D97-92C9-7BE4D3FDF8F5}.Release|Any CPU.Build.0 = Release|iPhone
		{A2E9705A-3268-4D97-92C9-7BE4D3FDF8F5}.Release|Any CPU.Deploy.0 = Release|iPhone
		{A2E9705A-3268-4D97-92C9-7BE4D3FDF8F5}.Release|iPhone.ActiveCfg = Release|iPhone
		{A2E9705A-3268-4D97-92C9-7BE4D3FDF8F5}.Release|iPhone.Build.0 = Release|iPhone
		{A2E9705A-3268-4D97-92C9-7BE4D3FDF8F5}.Release|iPhone.Deploy.0 = Release|iPhone
		{A2E9705A-3268-4D97-92C9-7BE4D3FDF8F5}.Release|iPhoneSimulator.ActiveCfg = Release|iPhoneSimulator
		{A2E9705A-3268-4D97-92C9-7BE4D3FDF8F5}.Release|iPhoneSimulator.Build.0 = Release|iPhoneSimulator
		{A2E9705A-3268-4D97-92C9-7BE4D3FDF8F5}.Release|iPhoneSimulator.Deploy.0 = Release|iPhoneSimulator
		{5F3AD16F-DD03-46A8-8EDE-4BC350F7CA27}.Debug|Any CPU.ActiveCfg = Debug|Any CPU
		{5F3AD16F-DD03-46A8-8EDE-4BC350F7CA27}.Debug|Any CPU.Build.0 = Debug|Any CPU
		{5F3AD16F-DD03-46A8-8EDE-4BC350F7CA27}.Debug|Any CPU.Deploy.0 = Debug|Any CPU
		{5F3AD16F-DD03-46A8-8EDE-4BC350F7CA27}.Debug|iPhone.ActiveCfg = Debug|Any CPU
		{5F3AD16F-DD03-46A8-8EDE-4BC350F7CA27}.Debug|iPhone.Build.0 = Debug|Any CPU
		{5F3AD16F-DD03-46A8-8EDE-4BC350F7CA27}.Debug|iPhone.Deploy.0 = Debug|Any CPU
		{5F3AD16F-DD03-46A8-8EDE-4BC350F7CA27}.Debug|iPhoneSimulator.ActiveCfg = Debug|Any CPU
		{5F3AD16F-DD03-46A8-8EDE-4BC350F7CA27}.Debug|iPhoneSimulator.Build.0 = Debug|Any CPU
		{5F3AD16F-DD03-46A8-8EDE-4BC350F7CA27}.Debug|iPhoneSimulator.Deploy.0 = Debug|Any CPU
		{5F3AD16F-DD03-46A8-8EDE-4BC350F7CA27}.Release|Any CPU.ActiveCfg = Release|Any CPU
		{5F3AD16F-DD03-46A8-8EDE-4BC350F7CA27}.Release|Any CPU.Build.0 = Release|Any CPU
		{5F3AD16F-DD03-46A8-8EDE-4BC350F7CA27}.Release|Any CPU.Deploy.0 = Release|Any CPU
		{5F3AD16F-DD03-46A8-8EDE-4BC350F7CA27}.Release|iPhone.ActiveCfg = Release|Any CPU
		{5F3AD16F-DD03-46A8-8EDE-4BC350F7CA27}.Release|iPhone.Build.0 = Release|Any CPU
		{5F3AD16F-DD03-46A8-8EDE-4BC350F7CA27}.Release|iPhone.Deploy.0 = Release|Any CPU
		{5F3AD16F-DD03-46A8-8EDE-4BC350F7CA27}.Release|iPhoneSimulator.ActiveCfg = Release|Any CPU
		{5F3AD16F-DD03-46A8-8EDE-4BC350F7CA27}.Release|iPhoneSimulator.Build.0 = Release|Any CPU
		{5F3AD16F-DD03-46A8-8EDE-4BC350F7CA27}.Release|iPhoneSimulator.Deploy.0 = Release|Any CPU
	EndGlobalSection
	GlobalSection(SolutionProperties) = preSolution
		HideSolutionNode = FALSE
	EndGlobalSection
	GlobalSection(ExtensibilityGlobals) = postSolution
		SolutionGuid = {6554D7CE-652C-4799-9B04-1D6A553F5793}
	EndGlobalSection
EndGlobal
